
Microsoft Visual Studio Solution File, Format Version 12.00
# Visual Studio 2017
Project("{FAE04EC0-301F-11D3-BF4B-00C04F79EFBC}") = "New Unity Project 8", "New Unity Project 8.csproj", "{98BB7C2F-3998-89A7-442B-2A5CC56ED57A}"
EndProject
Project("{FAE04EC0-301F-11D3-BF4B-00C04F79EFBC}") = "New Unity Project 8.Editor", "New Unity Project 8.Editor.csproj", "{C54EF203-B62D-B199-525C-9258F930F96E}"
EndProject
Global
	GlobalSection(SolutionConfigurationPlatforms) = preSolution
		Debug|Any CPU = Debug|Any CPU
		Release|Any CPU = Release|Any CPU
	EndGlobalSection
	GlobalSection(ProjectConfigurationPlatforms) = postSolution
		{98BB7C2F-3998-89A7-442B-2A5CC56ED57A}.Debug|Any CPU.ActiveCfg = Debug|Any CPU
		{98BB7C2F-3998-89A7-442B-2A5CC56ED57A}.Debug|Any CPU.Build.0 = Debug|Any CPU
		{98BB7C2F-3998-89A7-442B-2A5CC56ED57A}.Release|Any CPU.ActiveCfg = Release|Any CPU
		{98BB7C2F-3998-89A7-442B-2A5CC56ED57A}.Release|Any CPU.Build.0 = Release|Any CPU
		{C54EF203-B62D-B199-525C-9258F930F96E}.Debug|Any CPU.ActiveCfg = Debug|Any CPU
		{C54EF203-B62D-B199-525C-9258F930F96E}.Debug|Any CPU.Build.0 = Debug|Any CPU
		{C54EF203-B62D-B199-525C-9258F930F96E}.Release|Any CPU.ActiveCfg = Release|Any CPU
		{C54EF203-B62D-B199-525C-9258F930F96E}.Release|Any CPU.Build.0 = Release|Any CPU
	EndGlobalSection
	GlobalSection(SolutionProperties) = preSolution
		HideSolutionNode = FALSE
	EndGlobalSection
EndGlobal
